
Microsoft Visual Studio Solution File, Format Version 12.00
# Visual Studio Version 16
VisualStudioVersion = 16.0.28803.202
MinimumVisualStudioVersion = 10.0.40219.1
Project("{FAE04EC0-301F-11D3-BF4B-00C04F79EFBC}") = "Task01", "Task01\Task01.csproj", "{52DE36E9-7597-4A95-AF68-9EF998FB771D}"
EndProject
Project("{FAE04EC0-301F-11D3-BF4B-00C04F79EFBC}") = "Task02", "Task02\Task02.csproj", "{A711189E-9984-4BB9-8D38-6633313EED00}"
EndProject
Project("{FAE04EC0-301F-11D3-BF4B-00C04F79EFBC}") = "Task04", "Task04\Task04.csproj", "{C98DC5A6-62BD-4789-8B15-3DEDC781EB5F}"
EndProject
Project("{FAE04EC0-301F-11D3-BF4B-00C04F79EFBC}") = "Task05", "Task05\Task05.csproj", "{D5C5CE6C-CB2B-47D2-A051-E7CA6E73D483}"
EndProject
Project("{FAE04EC0-301F-11D3-BF4B-00C04F79EFBC}") = "Task06", "Task06\Task06.csproj", "{A6A3F7EA-5E84-4891-8B7E-15F9E19DBF80}"
EndProject
Global
	GlobalSection(SolutionConfigurationPlatforms) = preSolution
		Debug|Any CPU = Debug|Any CPU
		Release|Any CPU = Release|Any CPU
	EndGlobalSection
	GlobalSection(ProjectConfigurationPlatforms) = postSolution
		{52DE36E9-7597-4A95-AF68-9EF998FB771D}.Debug|Any CPU.ActiveCfg = Debug|Any CPU
		{52DE36E9-7597-4A95-AF68-9EF998FB771D}.Debug|Any CPU.Build.0 = Debug|Any CPU
		{52DE36E9-7597-4A95-AF68-9EF998FB771D}.Release|Any CPU.ActiveCfg = Release|Any CPU
		{52DE36E9-7597-4A95-AF68-9EF998FB771D}.Release|Any CPU.Build.0 = Release|Any CPU
		{A711189E-9984-4BB9-8D38-6633313EED00}.Debug|Any CPU.ActiveCfg = Debug|Any CPU
		{A711189E-9984-4BB9-8D38-6633313EED00}.Debug|Any CPU.Build.0 = Debug|Any CPU
		{A711189E-9984-4BB9-8D38-6633313EED00}.Release|Any CPU.ActiveCfg = Release|Any CPU
		{A711189E-9984-4BB9-8D38-6633313EED00}.Release|Any CPU.Build.0 = Release|Any CPU
		{C98DC5A6-62BD-4789-8B15-3DEDC781EB5F}.Debug|Any CPU.ActiveCfg = Debug|Any CPU
		{C98DC5A6-62BD-4789-8B15-3DEDC781EB5F}.Debug|Any CPU.Build.0 = Debug|Any CPU
		{C98DC5A6-62BD-4789-8B15-3DEDC781EB5F}.Release|Any CPU.ActiveCfg = Release|Any CPU
		{C98DC5A6-62BD-4789-8B15-3DEDC781EB5F}.Release|Any CPU.Build.0 = Release|Any CPU
		{D5C5CE6C-CB2B-47D2-A051-E7CA6E73D483}.Debug|Any CPU.ActiveCfg = Debug|Any CPU
		{D5C5CE6C-CB2B-47D2-A051-E7CA6E73D483}.Debug|Any CPU.Build.0 = Debug|Any CPU
		{D5C5CE6C-CB2B-47D2-A051-E7CA6E73D483}.Release|Any CPU.ActiveCfg = Release|Any CPU
		{D5C5CE6C-CB2B-47D2-A051-E7CA6E73D483}.Release|Any CPU.Build.0 = Release|Any CPU
		{A6A3F7EA-5E84-4891-8B7E-15F9E19DBF80}.Debug|Any CPU.ActiveCfg = Debug|Any CPU
		{A6A3F7EA-5E84-4891-8B7E-15F9E19DBF80}.Debug|Any CPU.Build.0 = Debug|Any CPU
		{A6A3F7EA-5E84-4891-8B7E-15F9E19DBF80}.Release|Any CPU.ActiveCfg = Release|Any CPU
		{A6A3F7EA-5E84-4891-8B7E-15F9E19DBF80}.Release|Any CPU.Build.0 = Release|Any CPU
	EndGlobalSection
	GlobalSection(SolutionProperties) = preSolution
		HideSolutionNode = FALSE
	EndGlobalSection
	GlobalSection(ExtensibilityGlobals) = postSolution
		SolutionGuid = {AB242749-C5C6-439E-83C6-8DB8F51AB39B}
	EndGlobalSection
EndGlobal
